%{
  "bunt": {:hex, :bunt, "0.2.0", "951c6e801e8b1d2cbe58ebbd3e616a869061ddadcc4863d0a2182541acae9a38", [:mix], [], "hexpm"},
  "credo": {:hex, :credo, "1.1.0", "e0c07b2fd7e2109495f582430a1bc96b2c71b7d94c59dfad120529f65f19872f", [:mix], [{:bunt, "~> 0.2.0", [hex: :bunt, repo: "hexpm", optional: false]}, {:jason, "~> 1.0", [hex: :jason, repo: "hexpm", optional: false]}], "hexpm"},
  "ehealth_logger": {:git, "https://github.com/edenlabllc/ehealth_logger.git", "3384423611f914890ff9521fa21206d52b0f867e", []},
  "git_cli": {:hex, :git_cli, "0.2.6", "13e56970ca3b8c7649780f39cb58f1f053333a030ead1f69b06d040e590b5e7f", [:mix], [], "hexpm"},
  "git_ops": {:hex, :git_ops, "0.6.0", "e71505dfa01ed78083be45c805cea62991509f1a7d15ada38e85d0bbb00d3079", [:mix], [{:git_cli, "~> 0.2", [hex: :git_cli, repo: "hexpm", optional: false]}, {:nimble_parsec, "~> 0.4", [hex: :nimble_parsec, repo: "hexpm", optional: false]}], "hexpm"},
  "jason": {:hex, :jason, "1.1.2", "b03dedea67a99223a2eaf9f1264ce37154564de899fd3d8b9a21b1a6fd64afe7", [:mix], [{:decimal, "~> 1.0", [hex: :decimal, repo: "hexpm", optional: true]}], "hexpm"},
  "libcluster": {:hex, :libcluster, "3.1.1", "cbab97b96141f47f2fe5563183c444bbce9282b3991ef054d69b8805546f0122", [:mix], [{:jason, "~> 1.1.2", [hex: :jason, repo: "hexpm", optional: false]}], "hexpm"},
  "logger_json": {:hex, :logger_json, "3.1.1", "fd3e9968900971f3d20a6c88eea287b511dd15edd1adf20c36583dfeb1c720f1", [:mix], [{:ecto, "~> 2.1 or ~> 3.0", [hex: :ecto, repo: "hexpm", optional: true]}, {:jason, "~> 1.0", [hex: :jason, repo: "hexpm", optional: false]}, {:plug, "~> 1.0", [hex: :plug, repo: "hexpm", optional: true]}, {:telemetry, "~> 0.4.0", [hex: :telemetry, repo: "hexpm", optional: true]}], "hexpm"},
  "nimble_parsec": {:hex, :nimble_parsec, "0.5.0", "90e2eca3d0266e5c53f8fbe0079694740b9c91b6747f2b7e3c5d21966bba8300", [:mix], [], "hexpm"},
}
